// !$*UTF8*$!
{
	archiveVersion = 1;
	classes = {
	};
	objectVersion = 50;
	objects = {

/* Begin PBXBuildFile section */
		7F3EC904230B3AE200E81FC1 /* AppDelegate.swift in Sources */ = {isa = PBXBuildFile; fileRef = 7F3EC903230B3AE200E81FC1 /* AppDelegate.swift */; };
		7F3EC906230B3AE200E81FC1 /* ViewController.swift in Sources */ = {isa = PBXBuildFile; fileRef = 7F3EC905230B3AE200E81FC1 /* ViewController.swift */; };
		7F3EC909230B3AE200E81FC1 /* Main.storyboard in Resources */ = {isa = PBXBuildFile; fileRef = 7F3EC907230B3AE200E81FC1 /* Main.storyboard */; };
		7F3EC90B230B3AE400E81FC1 /* Assets.xcassets in Resources */ = {isa = PBXBuildFile; fileRef = 7F3EC90A230B3AE400E81FC1 /* Assets.xcassets */; };
		7F3EC90E230B3AE400E81FC1 /* LaunchScreen.storyboard in Resources */ = {isa = PBXBuildFile; fileRef = 7F3EC90C230B3AE400E81FC1 /* LaunchScreen.storyboard */; };
		7F3EC919230B3AE400E81FC1 /* WeatherScottsdaleTests.swift in Sources */ = {isa = PBXBuildFile; fileRef = 7F3EC918230B3AE400E81FC1 /* WeatherScottsdaleTests.swift */; };
		7F3EC924230B3AE400E81FC1 /* WeatherScottsdaleUITests.swift in Sources */ = {isa = PBXBuildFile; fileRef = 7F3EC923230B3AE400E81FC1 /* WeatherScottsdaleUITests.swift */; };
		7F94951A230F186A00C11FE4 /* RatingControl.swift in Sources */ = {isa = PBXBuildFile; fileRef = 7F949519230F186A00C11FE4 /* RatingControl.swift */; };
/* End PBXBuildFile section */

/* Begin PBXContainerItemProxy section */
		7F3EC915230B3AE400E81FC1 /* PBXContainerItemProxy */ = {
			isa = PBXContainerItemProxy;
			containerPortal = 7F3EC8F8230B3AE200E81FC1 /* Project object */;
			proxyType = 1;
			remoteGlobalIDString = 7F3EC8FF230B3AE200E81FC1;
			remoteInfo = WeatherScottsdale;
		};
		7F3EC920230B3AE400E81FC1 /* PBXContainerItemProxy */ = {
			isa = PBXContainerItemProxy;
			containerPortal = 7F3EC8F8230B3AE200E81FC1 /* Project object */;
			proxyType = 1;
			remoteGlobalIDString = 7F3EC8FF230B3AE200E81FC1;
			remoteInfo = WeatherScottsdale;
		};
/* End PBXContainerItemProxy section */

/* Begin PBXFileReference section */
		7F3EC900230B3AE200E81FC1 /* WeatherScottsdale.app */ = {isa = PBXFileReference; explicitFileType = wrapper.application; includeInIndex = 0; path = WeatherScottsdale.app; sourceTree = BUILT_PRODUCTS_DIR; };
		7F3EC903230B3AE200E81FC1 /* AppDelegate.swift */ = {isa = PBXFileReference; lastKnownFileType = sourcecode.swift; path = AppDelegate.swift; sourceTree = "<group>"; };
		7F3EC905230B3AE200E81FC1 /* ViewController.swift */ = {isa = PBXFileReference; lastKnownFileType = sourcecode.swift; path = ViewController.swift; sourceTree = "<group>"; };
		7F3EC908230B3AE200E81FC1 /* Base */ = {isa = PBXFileReference; lastKnownFileType = file.storyboard; name = Base; path = Base.lproj/Main.storyboard; sourceTree = "<group>"; };
		7F3EC90A230B3AE400E81FC1 /* Assets.xcassets */ = {isa = PBXFileReference; lastKnownFileType = folder.assetcatalog; path = Assets.xcassets; sourceTree = "<group>"; };
		7F3EC90D230B3AE400E81FC1 /* Base */ = {isa = PBXFileReference; lastKnownFileType = file.storyboard; name = Base; path = Base.lproj/LaunchScreen.storyboard; sourceTree = "<group>"; };
		7F3EC90F230B3AE400E81FC1 /* Info.plist */ = {isa = PBXFileReference; lastKnownFileType = text.plist.xml; path = Info.plist; sourceTree = "<group>"; };
		7F3EC914230B3AE400E81FC1 /* WeatherScottsdaleTests.xctest */ = {isa = PBXFileReference; explicitFileType = wrapper.cfbundle; includeInIndex = 0; path = WeatherScottsdaleTests.xctest; sourceTree = BUILT_PRODUCTS_DIR; };
		7F3EC918230B3AE400E81FC1 /* WeatherScottsdaleTests.swift */ = {isa = PBXFileReference; lastKnownFileType = sourcecode.swift; path = WeatherScottsdaleTests.swift; sourceTree = "<group>"; };
		7F3EC91A230B3AE400E81FC1 /* Info.plist */ = {isa = PBXFileReference; lastKnownFileType = text.plist.xml; path = Info.plist; sourceTree = "<group>"; };
		7F3EC91F230B3AE400E81FC1 /* WeatherScottsdaleUITests.xctest */ = {isa = PBXFileReference; explicitFileType = wrapper.cfbundle; includeInIndex = 0; path = WeatherScottsdaleUITests.xctest; sourceTree = BUILT_PRODUCTS_DIR; };
		7F3EC923230B3AE400E81FC1 /* WeatherScottsdaleUITests.swift */ = {isa = PBXFileReference; lastKnownFileType = sourcecode.swift; path = WeatherScottsdaleUITests.swift; sourceTree = "<group>"; };
		7F3EC925230B3AE400E81FC1 /* Info.plist */ = {isa = PBXFileReference; lastKnownFileType = text.plist.xml; path = Info.plist; sourceTree = "<group>"; };
		7F949519230F186A00C11FE4 /* RatingControl.swift */ = {isa = PBXFileReference; lastKnownFileType = sourcecode.swift; path = RatingControl.swift; sourceTree = "<group>"; };
/* End PBXFileReference section */

/* Begin PBXFrameworksBuildPhase section */
		7F3EC8FD230B3AE200E81FC1 /* Frameworks */ = {
			isa = PBXFrameworksBuildPhase;
			buildActionMask = 2147483647;
			files = (
			);
			runOnlyForDeploymentPostprocessing = 0;
		};
		7F3EC911230B3AE400E81FC1 /* Frameworks */ = {
			isa = PBXFrameworksBuildPhase;
			buildActionMask = 2147483647;
			files = (
			);
			runOnlyForDeploymentPostprocessing = 0;
		};
		7F3EC91C230B3AE400E81FC1 /* Frameworks */ = {
			isa = PBXFrameworksBuildPhase;
			buildActionMask = 2147483647;
			files = (
			);
			runOnlyForDeploymentPostprocessing = 0;
		};
/* End PBXFrameworksBuildPhase section */

/* Begin PBXGroup section */
		7F3EC8F7230B3AE200E81FC1 = {
			isa = PBXGroup;
			children = (
				7F3EC902230B3AE200E81FC1 /* WeatherScottsdale */,
				7F3EC917230B3AE400E81FC1 /* WeatherScottsdaleTests */,
				7F3EC922230B3AE400E81FC1 /* WeatherScottsdaleUITests */,
				7F3EC901230B3AE200E81FC1 /* Products */,
			);
			sourceTree = "<group>";
		};
		7F3EC901230B3AE200E81FC1 /* Products */ = {
			isa = PBXGroup;
			children = (
				7F3EC900230B3AE200E81FC1 /* WeatherScottsdale.app */,
				7F3EC914230B3AE400E81FC1 /* WeatherScottsdaleTests.xctest */,
				7F3EC91F230B3AE400E81FC1 /* WeatherScottsdaleUITests.xctest */,
			);
			name = Products;
			sourceTree = "<group>";
		};
		7F3EC902230B3AE200E81FC1 /* WeatherScottsdale */ = {
			isa = PBXGroup;
			children = (
				7F3EC903230B3AE200E81FC1 /* AppDelegate.swift */,
				7F3EC905230B3AE200E81FC1 /* ViewController.swift */,
				7F949519230F186A00C11FE4 /* RatingControl.swift */,
				7F3EC907230B3AE200E81FC1 /* Main.storyboard */,
				7F3EC90A230B3AE400E81FC1 /* Assets.xcassets */,
				7F3EC90C230B3AE400E81FC1 /* LaunchScreen.storyboard */,
				7F3EC90F230B3AE400E81FC1 /* Info.plist */,
			);
			path = WeatherScottsdale;
			sourceTree = "<group>";
		};
		7F3EC917230B3AE400E81FC1 /* WeatherScottsdaleTests */ = {
			isa = PBXGroup;
			children = (
				7F3EC918230B3AE400E81FC1 /* WeatherScottsdaleTests.swift */,
				7F3EC91A230B3AE400E81FC1 /* Info.plist */,
			);
			path = WeatherScottsdaleTests;
			sourceTree = "<group>";
		};
		7F3EC922230B3AE400E81FC1 /* WeatherScottsdaleUITests */ = {
			isa = PBXGroup;
			children = (
				7F3EC923230B3AE400E81FC1 /* WeatherScottsdaleUITests.swift */,
				7F3EC925230B3AE400E81FC1 /* Info.plist */,
			);
			path = WeatherScottsdaleUITests;
			sourceTree = "<group>";
		};
/* End PBXGroup section */

/* Begin PBXNativeTarget section */
		7F3EC8FF230B3AE200E81FC1 /* WeatherScottsdale */ = {
			isa = PBXNativeTarget;
			buildConfigurationList = 7F3EC928230B3AE400E81FC1 /* Build configuration list for PBXNativeTarget "WeatherScottsdale" */;
			buildPhases = (
				7F3EC8FC230B3AE200E81FC1 /* Sources */,
				7F3EC8FD230B3AE200E81FC1 /* Frameworks */,
				7F3EC8FE230B3AE200E81FC1 /* Resources */,
			);
			buildRules = (
			);
			dependencies = (
			);
			name = WeatherScottsdale;
			productName = WeatherScottsdale;
			productReference = 7F3EC900230B3AE200E81FC1 /* WeatherScottsdale.app */;
			productType = "com.apple.product-type.application";
		};
		7F3EC913230B3AE400E81FC1 /* WeatherScottsdaleTests */ = {
			isa = PBXNativeTarget;
			buildConfigurationList = 7F3EC92B230B3AE400E81FC1 /* Build configuration list for PBXNativeTarget "WeatherScottsdaleTests" */;
			buildPhases = (
				7F3EC910230B3AE400E81FC1 /* Sources */,
				7F3EC911230B3AE400E81FC1 /* Frameworks */,
				7F3EC912230B3AE400E81FC1 /* Resources */,
			);
			buildRules = (
			);
			dependencies = (
				7F3EC916230B3AE400E81FC1 /* PBXTargetDependency */,
			);
			name = WeatherScottsdaleTests;
			productName = WeatherScottsdaleTests;
			productReference = 7F3EC914230B3AE400E81FC1 /* WeatherScottsdaleTests.xctest */;
			productType = "com.apple.product-type.bundle.unit-test";
		};
		7F3EC91E230B3AE400E81FC1 /* WeatherScottsdaleUITests */ = {
			isa = PBXNativeTarget;
			buildConfigurationList = 7F3EC92E230B3AE400E81FC1 /* Build configuration list for PBXNativeTarget "WeatherScottsdaleUITests" */;
			buildPhases = (
				7F3EC91B230B3AE400E81FC1 /* Sources */,
				7F3EC91C230B3AE400E81FC1 /* Frameworks */,
				7F3EC91D230B3AE400E81FC1 /* Resources */,
			);
			buildRules = (
			);
			dependencies = (
				7F3EC921230B3AE400E81FC1 /* PBXTargetDependency */,
			);
			name = WeatherScottsdaleUITests;
			productName = WeatherScottsdaleUITests;
			productReference = 7F3EC91F230B3AE400E81FC1 /* WeatherScottsdaleUITests.xctest */;
			productType = "com.apple.product-type.bundle.ui-testing";
		};
/* End PBXNativeTarget section */

/* Begin PBXProject section */
		7F3EC8F8230B3AE200E81FC1 /* Project object */ = {
			isa = PBXProject;
			attributes = {
				LastSwiftUpdateCheck = 1030;
				LastUpgradeCheck = 1030;
				ORGANIZATIONNAME = "Jacob Hotz";
				TargetAttributes = {
					7F3EC8FF230B3AE200E81FC1 = {
						CreatedOnToolsVersion = 10.3;
					};
					7F3EC913230B3AE400E81FC1 = {
						CreatedOnToolsVersion = 10.3;
						TestTargetID = 7F3EC8FF230B3AE200E81FC1;
					};
					7F3EC91E230B3AE400E81FC1 = {
						CreatedOnToolsVersion = 10.3;
						TestTargetID = 7F3EC8FF230B3AE200E81FC1;
					};
				};
			};
			buildConfigurationList = 7F3EC8FB230B3AE200E81FC1 /* Build configuration list for PBXProject "WeatherScottsdale" */;
			compatibilityVersion = "Xcode 9.3";
			developmentRegion = en;
			hasScannedForEncodings = 0;
			knownRegions = (
				en,
				Base,
			);
			mainGroup = 7F3EC8F7230B3AE200E81FC1;
			productRefGroup = 7F3EC901230B3AE200E81FC1 /* Products */;
			projectDirPath = "";
			projectRoot = "";
			targets = (
				7F3EC8FF230B3AE200E81FC1 /* WeatherScottsdale */,
				7F3EC913230B3AE400E81FC1 /* WeatherScottsdaleTests */,
				7F3EC91E230B3AE400E81FC1 /* WeatherScottsdaleUITests */,
			);
		};
/* End PBXProject section */

/* Begin PBXResourcesBuildPhase section */
		7F3EC8FE230B3AE200E81FC1 /* Resources */ = {
			isa = PBXResourcesBuildPhase;
			buildActionMask = 2147483647;
			files = (
				7F3EC90E230B3AE400E81FC1 /* LaunchScreen.storyboard in Resources */,
				7F3EC90B230B3AE400E81FC1 /* Assets.xcassets in Resources */,
				7F3EC909230B3AE200E81FC1 /* Main.storyboard in Resources */,
			);
			runOnlyForDeploymentPostprocessing = 0;
		};
		7F3EC912230B3AE400E81FC1 /* Resources */ = {
			isa = PBXResourcesBuildPhase;
			buildActionMask = 2147483647;
			files = (
			);
			runOnlyForDeploymentPostprocessing = 0;
		};
		7F3EC91D230B3AE400E81FC1 /* Resources */ = {
			isa = PBXResourcesBuildPhase;
			buildActionMask = 2147483647;
			files = (
			);
			runOnlyForDeploymentPostprocessing = 0;
		};
/* End PBXResourcesBuildPhase section */

/* Begin PBXSourcesBuildPhase section */
		7F3EC8FC230B3AE200E81FC1 /* Sources */ = {
			isa = PBXSourcesBuildPhase;
			buildActionMask = 2147483647;
			files = (
				7F3EC906230B3AE200E81FC1 /* ViewController.swift in Sources */,
				7F94951A230F186A00C11FE4 /* RatingControl.swift in Sources */,
				7F3EC904230B3AE200E81FC1 /* AppDelegate.swift in Sources */,
			);
			runOnlyForDeploymentPostprocessing = 0;
		};
		7F3EC910230B3AE400E81FC1 /* Sources */ = {
			isa = PBXSourcesBuildPhase;
			buildActionMask = 2147483647;
			files = (
				7F3EC919230B3AE400E81FC1 /* WeatherScottsdaleTests.swift in Sources */,
			);
			runOnlyForDeploymentPostprocessing = 0;
		};
		7F3EC91B230B3AE400E81FC1 /* Sources */ = {
			isa = PBXSourcesBuildPhase;
			buildActionMask = 2147483647;
			files = (
				7F3EC924230B3AE400E81FC1 /* WeatherScottsdaleUITests.swift in Sources */,
			);
			runOnlyForDeploymentPostprocessing = 0;
		};
/* End PBXSourcesBuildPhase section */

/* Begin PBXTargetDependency section */
		7F3EC916230B3AE400E81FC1 /* PBXTargetDependency */ = {
			isa = PBXTargetDependency;
			target = 7F3EC8FF230B3AE200E81FC1 /* WeatherScottsdale */;
			targetProxy = 7F3EC915230B3AE400E81FC1 /* PBXContainerItemProxy */;
		};
		7F3EC921230B3AE400E81FC1 /* PBXTargetDependency */ = {
			isa = PBXTargetDependency;
			target = 7F3EC8FF230B3AE200E81FC1 /* WeatherScottsdale */;
			targetProxy = 7F3EC920230B3AE400E81FC1 /* PBXContainerItemProxy */;
		};
/* End PBXTargetDependency section */

/* Begin PBXVariantGroup section */
		7F3EC907230B3AE200E81FC1 /* Main.storyboard */ = {
			isa = PBXVariantGroup;
			children = (
				7F3EC908230B3AE200E81FC1 /* Base */,
			);
			name = Main.storyboard;
			sourceTree = "<group>";
		};
		7F3EC90C230B3AE400E81FC1 /* LaunchScreen.storyboard */ = {
			isa = PBXVariantGroup;
			children = (
				7F3EC90D230B3AE400E81FC1 /* Base */,
			);
			name = LaunchScreen.storyboard;
			sourceTree = "<group>";
		};
/* End PBXVariantGroup section */

/* Begin XCBuildConfiguration section */
		7F3EC926230B3AE400E81FC1 /* Debug */ = {
			isa = XCBuildConfiguration;
			buildSettings = {
				ALWAYS_SEARCH_USER_PATHS = NO;
				CLANG_ANALYZER_NONNULL = YES;
				CLANG_ANALYZER_NUMBER_OBJECT_CONVERSION = YES_AGGRESSIVE;
				CLANG_CXX_LANGUAGE_STANDARD = "gnu++14";
				CLANG_CXX_LIBRARY = "libc++";
				CLANG_ENABLE_MODULES = YES;
				CLANG_ENABLE_OBJC_ARC = YES;
				CLANG_ENABLE_OBJC_WEAK = YES;
				CLANG_WARN_BLOCK_CAPTURE_AUTORELEASING = YES;
				CLANG_WARN_BOOL_CONVERSION = YES;
				CLANG_WARN_COMMA = YES;
				CLANG_WARN_CONSTANT_CONVERSION = YES;
				CLANG_WARN_DEPRECATED_OBJC_IMPLEMENTATIONS = YES;
				CLANG_WARN_DIRECT_OBJC_ISA_USAGE = YES_ERROR;
				CLANG_WARN_DOCUMENTATION_COMMENTS = YES;
				CLANG_WARN_EMPTY_BODY = YES;
				CLANG_WARN_ENUM_CONVERSION = YES;
				CLANG_WARN_INFINITE_RECURSION = YES;
				CLANG_WARN_INT_CONVERSION = YES;
				CLANG_WARN_NON_LITERAL_NULL_CONVERSION = YES;
				CLANG_WARN_OBJC_IMPLICIT_RETAIN_SELF = YES;
				CLANG_WARN_OBJC_LITERAL_CONVERSION = YES;
				CLANG_WARN_OBJC_ROOT_CLASS = YES_ERROR;
				CLANG_WARN_RANGE_LOOP_ANALYSIS = YES;
				CLANG_WARN_STRICT_PROTOTYPES = YES;
				CLANG_WARN_SUSPICIOUS_MOVE = YES;
				CLANG_WARN_UNGUARDED_AVAILABILITY = YES_AGGRESSIVE;
				CLANG_WARN_UNREACHABLE_CODE = YES;
				CLANG_WARN__DUPLICATE_METHOD_MATCH = YES;
				CODE_SIGN_IDENTITY = "iPhone Developer";
				COPY_PHASE_STRIP = NO;
				DEBUG_INFORMATION_FORMAT = dwarf;
				ENABLE_STRICT_OBJC_MSGSEND = YES;
				ENABLE_TESTABILITY = YES;
				GCC_C_LANGUAGE_STANDARD = gnu11;
				GCC_DYNAMIC_NO_PIC = NO;
				GCC_NO_COMMON_BLOCKS = YES;
				GCC_OPTIMIZATION_LEVEL = 0;
				GCC_PREPROCESSOR_DEFINITIONS = (
					"DEBUG=1",
					"$(inherited)",
				);
				GCC_WARN_64_TO_32_BIT_CONVERSION = YES;
				GCC_WARN_ABOUT_RETURN_TYPE = YES_ERROR;
				GCC_WARN_UNDECLARED_SELECTOR = YES;
				GCC_WARN_UNINITIALIZED_AUTOS = YES_AGGRESSIVE;
				GCC_WARN_UNUSED_FUNCTION = YES;
				GCC_WARN_UNUSED_VARIABLE = YES;
				IPHONEOS_DEPLOYMENT_TARGET = 12.4;
				MTL_ENABLE_DEBUG_INFO = INCLUDE_SOURCE;
				MTL_FAST_MATH = YES;
				ONLY_ACTIVE_ARCH = YES;
				SDKROOT = iphoneos;
				SWIFT_ACTIVE_COMPILATION_CONDITIONS = DEBUG;
				SWIFT_OPTIMIZATION_LEVEL = "-Onone";
			};
			name = Debug;
		};
		7F3EC927230B3AE400E81FC1 /* Release */ = {
			isa = XCBuildConfiguration;
			buildSettings = {
				ALWAYS_SEARCH_USER_PATHS = NO;
				CLANG_ANALYZER_NONNULL = YES;
				CLANG_ANALYZER_NUMBER_OBJECT_CONVERSION = YES_AGGRESSIVE;
				CLANG_CXX_LANGUAGE_STANDARD = "gnu++14";
				CLANG_CXX_LIBRARY = "libc++";
				CLANG_ENABLE_MODULES = YES;
				CLANG_ENABLE_OBJC_ARC = YES;
				CLANG_ENABLE_OBJC_WEAK = YES;
				CLANG_WARN_BLOCK_CAPTURE_AUTORELEASING = YES;
				CLANG_WARN_BOOL_CONVERSION = YES;
				CLANG_WARN_COMMA = YES;
				CLANG_WARN_CONSTANT_CONVERSION = YES;
				CLANG_WARN_DEPRECATED_OBJC_IMPLEMENTATIONS = YES;
				CLANG_WARN_DIRECT_OBJC_ISA_USAGE = YES_ERROR;
				CLANG_WARN_DOCUMENTATION_COMMENTS = YES;
				CLANG_WARN_EMPTY_BODY = YES;
				CLANG_WARN_ENUM_CONVERSION = YES;
				CLANG_WARN_INFINITE_RECURSION = YES;
				CLANG_WARN_INT_CONVERSION = YES;
				CLANG_WARN_NON_LITERAL_NULL_CONVERSION = YES;
				CLANG_WARN_OBJC_IMPLICIT_RETAIN_SELF = YES;
				CLANG_WARN_OBJC_LITERAL_CONVERSION = YES;
				CLANG_WARN_OBJC_ROOT_CLASS = YES_ERROR;
				CLANG_WARN_RANGE_LOOP_ANALYSIS = YES;
				CLANG_WARN_STRICT_PROTOTYPES = YES;
				CLANG_WARN_SUSPICIOUS_MOVE = YES;
				CLANG_WARN_UNGUARDED_AVAILABILITY = YES_AGGRESSIVE;
				CLANG_WARN_UNREACHABLE_CODE = YES;
				CLANG_WARN__DUPLICATE_METHOD_MATCH = YES;
				CODE_SIGN_IDENTITY = "iPhone Developer";
				COPY_PHASE_STRIP = NO;
				DEBUG_INFORMATION_FORMAT = "dwarf-with-dsym";
				ENABLE_NS_ASSERTIONS = NO;
				ENABLE_STRICT_OBJC_MSGSEND = YES;
				GCC_C_LANGUAGE_STANDARD = gnu11;
				GCC_NO_COMMON_BLOCKS = YES;
				GCC_WARN_64_TO_32_BIT_CONVERSION = YES;
				GCC_WARN_ABOUT_RETURN_TYPE = YES_ERROR;
				GCC_WARN_UNDECLARED_SELECTOR = YES;
				GCC_WARN_UNINITIALIZED_AUTOS = YES_AGGRESSIVE;
				GCC_WARN_UNUSED_FUNCTION = YES;
				GCC_WARN_UNUSED_VARIABLE = YES;
				IPHONEOS_DEPLOYMENT_TARGET = 12.4;
				MTL_ENABLE_DEBUG_INFO = NO;
				MTL_FAST_MATH = YES;
				SDKROOT = iphoneos;
				SWIFT_COMPILATION_MODE = wholemodule;
				SWIFT_OPTIMIZATION_LEVEL = "-O";
				VALIDATE_PRODUCT = YES;
			};
			name = Release;
		};
		7F3EC929230B3AE400E81FC1 /* Debug */ = {
			isa = XCBuildConfiguration;
			buildSettings = {
				ASSETCATALOG_COMPILER_APPICON_NAME = AppIcon;
				CODE_SIGN_STYLE = Automatic;
				INFOPLIST_FILE = WeatherScottsdale/Info.plist;
				LD_RUNPATH_SEARCH_PATHS = (
					"$(inherited)",
					"@executable_path/Frameworks",
				);
				PRODUCT_BUNDLE_IDENTIFIER = "Jacob-Hotz.WeatherScottsdale";
				PRODUCT_NAME = "$(TARGET_NAME)";
				SWIFT_VERSION = 5.0;
				TARGETED_DEVICE_FAMILY = "1,2";
			};
			name = Debug;
		};
		7F3EC92A230B3AE400E81FC1 /* Release */ = {
			isa = XCBuildConfiguration;
			buildSettings = {
				ASSETCATALOG_COMPILER_APPICON_NAME = AppIcon;
				CODE_SIGN_STYLE = Automatic;
				INFOPLIST_FILE = WeatherScottsdale/Info.plist;
				LD_RUNPATH_SEARCH_PATHS = (
					"$(inherited)",
					"@executable_path/Frameworks",
				);
				PRODUCT_BUNDLE_IDENTIFIER = "Jacob-Hotz.WeatherScottsdale";
				PRODUCT_NAME = "$(TARGET_NAME)";
				SWIFT_VERSION = 5.0;
				TARGETED_DEVICE_FAMILY = "1,2";
			};
			name = Release;
		};
		7F3EC92C230B3AE400E81FC1 /* Debug */ = {
			isa = XCBuildConfiguration;
			buildSettings = {
				ALWAYS_EMBED_SWIFT_STANDARD_LIBRARIES = YES;
				BUNDLE_LOADER = "$(TEST_HOST)";
				CODE_SIGN_STYLE = Automatic;
				INFOPLIST_FILE = WeatherScottsdaleTests/Info.plist;
				LD_RUNPATH_SEARCH_PATHS = (
					"$(inherited)",
					"@executable_path/Frameworks",
					"@loader_path/Frameworks",
				);
				PRODUCT_BUNDLE_IDENTIFIER = "Jacob-Hotz.WeatherScottsdaleTests";
				PRODUCT_NAME = "$(TARGET_NAME)";
				SWIFT_VERSION = 5.0;
				TARGETED_DEVICE_FAMILY = "1,2";
				TEST_HOST = "$(BUILT_PRODUCTS_DIR)/WeatherScottsdale.app/WeatherScottsdale";
			};
			name = Debug;
		};
		7F3EC92D230B3AE400E81FC1 /* Release */ = {
			isa = XCBuildConfiguration;
			buildSettings = {
				ALWAYS_EMBED_SWIFT_STANDARD_LIBRARIES = YES;
				BUNDLE_LOADER = "$(TEST_HOST)";
				CODE_SIGN_STYLE = Automatic;
				INFOPLIST_FILE = WeatherScottsdaleTests/Info.plist;
				LD_RUNPATH_SEARCH_PATHS = (
					"$(inherited)",
					"@executable_path/Frameworks",
					"@loader_path/Frameworks",
				);
				PRODUCT_BUNDLE_IDENTIFIER = "Jacob-Hotz.WeatherScottsdaleTests";
				PRODUCT_NAME = "$(TARGET_NAME)";
				SWIFT_VERSION = 5.0;
				TARGETED_DEVICE_FAMILY = "1,2";
				TEST_HOST = "$(BUILT_PRODUCTS_DIR)/WeatherScottsdale.app/WeatherScottsdale";
			};
			name = Release;
		};
		7F3EC92F230B3AE400E81FC1 /* Debug */ = {
			isa = XCBuildConfiguration;
			buildSettings = {
				ALWAYS_EMBED_SWIFT_STANDARD_LIBRARIES = YES;
				CODE_SIGN_STYLE = Automatic;
				INFOPLIST_FILE = WeatherScottsdaleUITests/Info.plist;
				LD_RUNPATH_SEARCH_PATHS = (
					"$(inherited)",
					"@executable_path/Frameworks",
					"@loader_path/Frameworks",
				);
				PRODUCT_BUNDLE_IDENTIFIER = "Jacob-Hotz.WeatherScottsdaleUITests";
				PRODUCT_NAME = "$(TARGET_NAME)";
				SWIFT_VERSION = 5.0;
				TARGETED_DEVICE_FAMILY = "1,2";
				TEST_TARGET_NAME = WeatherScottsdale;
			};
			name = Debug;
		};
		7F3EC930230B3AE400E81FC1 /* Release */ = {
			isa = XCBuildConfiguration;
			buildSettings = {
				ALWAYS_EMBED_SWIFT_STANDARD_LIBRARIES = YES;
				CODE_SIGN_STYLE = Automatic;
				INFOPLIST_FILE = WeatherScottsdaleUITests/Info.plist;
				LD_RUNPATH_SEARCH_PATHS = (
					"$(inherited)",
					"@executable_path/Frameworks",
					"@loader_path/Frameworks",
				);
				PRODUCT_BUNDLE_IDENTIFIER = "Jacob-Hotz.WeatherScottsdaleUITests";
				PRODUCT_NAME = "$(TARGET_NAME)";
				SWIFT_VERSION = 5.0;
				TARGETED_DEVICE_FAMILY = "1,2";
				TEST_TARGET_NAME = WeatherScottsdale;
			};
			name = Release;
		};
/* End XCBuildConfiguration section */

/* Begin XCConfigurationList section */
		7F3EC8FB230B3AE200E81FC1 /* Build configuration list for PBXProject "WeatherScottsdale" */ = {
			isa = XCConfigurationList;
			buildConfigurations = (
				7F3EC926230B3AE400E81FC1 /* Debug */,
				7F3EC927230B3AE400E81FC1 /* Release */,
			);
			defaultConfigurationIsVisible = 0;
			defaultConfigurationName = Release;
		};
		7F3EC928230B3AE400E81FC1 /* Build configuration list for PBXNativeTarget "WeatherScottsdale" */ = {
			isa = XCConfigurationList;
			buildConfigurations = (
				7F3EC929230B3AE400E81FC1 /* Debug */,
				7F3EC92A230B3AE400E81FC1 /* Release */,
			);
			defaultConfigurationIsVisible = 0;
			defaultConfigurationName = Release;
		};
		7F3EC92B230B3AE400E81FC1 /* Build configuration list for PBXNativeTarget "WeatherScottsdaleTests" */ = {
			isa = XCConfigurationList;
			buildConfigurations = (
				7F3EC92C230B3AE400E81FC1 /* Debug */,
				7F3EC92D230B3AE400E81FC1 /* Release */,
			);
			defaultConfigurationIsVisible = 0;
			defaultConfigurationName = Release;
		};
		7F3EC92E230B3AE400E81FC1 /* Build configuration list for PBXNativeTarget "WeatherScottsdaleUITests" */ = {
			isa = XCConfigurationList;
			buildConfigurations = (
				7F3EC92F230B3AE400E81FC1 /* Debug */,
				7F3EC930230B3AE400E81FC1 /* Release */,
			);
			defaultConfigurationIsVisible = 0;
			defaultConfigurationName = Release;
		};
/* End XCConfigurationList section */
	};
	rootObject = 7F3EC8F8230B3AE200E81FC1 /* Project object */;
}
